
Microsoft Visual Studio Solution File, Format Version 12.00
# Visual Studio 2013
VisualStudioVersion = 12.0.21005.1
MinimumVisualStudioVersion = 10.0.40219.1
Project("{FAE04EC0-301F-11D3-BF4B-00C04F79EFBC}") = "ModernUIControlsForWinForms", "ModernUIControlsForWinForms\ModernUIControlsForWinForms.csproj", "{B69E68A6-739E-4CEA-9115-A3187F29C679}"
EndProject
Project("{FAE04EC0-301F-11D3-BF4B-00C04F79EFBC}") = "ModernUIControlsForWinForms.Test", "ModernUIControlsForWinForms.Test\ModernUIControlsForWinForms.Test.csproj", "{2D5F1484-B0EB-4983-A80F-55B9D7C56DBC}"
EndProject
Global
	GlobalSection(SolutionConfigurationPlatforms) = preSolution
		Debug|Any CPU = Debug|Any CPU
		Release|Any CPU = Release|Any CPU
	EndGlobalSection
	GlobalSection(ProjectConfigurationPlatforms) = postSolution
		{B69E68A6-739E-4CEA-9115-A3187F29C679}.Debug|Any CPU.ActiveCfg = Debug|Any CPU
		{B69E68A6-739E-4CEA-9115-A3187F29C679}.Debug|Any CPU.Build.0 = Debug|Any CPU
		{B69E68A6-739E-4CEA-9115-A3187F29C679}.Release|Any CPU.ActiveCfg = Release|Any CPU
		{B69E68A6-739E-4CEA-9115-A3187F29C679}.Release|Any CPU.Build.0 = Release|Any CPU
		{2D5F1484-B0EB-4983-A80F-55B9D7C56DBC}.Debug|Any CPU.ActiveCfg = Debug|Any CPU
		{2D5F1484-B0EB-4983-A80F-55B9D7C56DBC}.Debug|Any CPU.Build.0 = Debug|Any CPU
		{2D5F1484-B0EB-4983-A80F-55B9D7C56DBC}.Release|Any CPU.ActiveCfg = Release|Any CPU
		{2D5F1484-B0EB-4983-A80F-55B9D7C56DBC}.Release|Any CPU.Build.0 = Release|Any CPU
	EndGlobalSection
	GlobalSection(SolutionProperties) = preSolution
		HideSolutionNode = FALSE
	EndGlobalSection
EndGlobal
